
Microsoft Visual Studio Solution File, Format Version 12.00
# Visual Studio 15
VisualStudioVersion = 15.0.26430.16
MinimumVisualStudioVersion = 10.0.40219.1
Project("{FAE04EC0-301F-11D3-BF4B-00C04F79EFBC}") = "CRUDtest", "CRUDtest\CRUDtest.csproj", "{BB2F6F5A-3E95-410F-AE9F-61C323D075D2}"
EndProject
Global
	GlobalSection(SolutionConfigurationPlatforms) = preSolution
		Debug|Any CPU = Debug|Any CPU
		Release|Any CPU = Release|Any CPU
	EndGlobalSection
	GlobalSection(ProjectConfigurationPlatforms) = postSolution
		{BB2F6F5A-3E95-410F-AE9F-61C323D075D2}.Debug|Any CPU.ActiveCfg = Debug|Any CPU
		{BB2F6F5A-3E95-410F-AE9F-61C323D075D2}.Debug|Any CPU.Build.0 = Debug|Any CPU
		{BB2F6F5A-3E95-410F-AE9F-61C323D075D2}.Release|Any CPU.ActiveCfg = Release|Any CPU
		{BB2F6F5A-3E95-410F-AE9F-61C323D075D2}.Release|Any CPU.Build.0 = Release|Any CPU
	EndGlobalSection
	GlobalSection(SolutionProperties) = preSolution
		HideSolutionNode = FALSE
	EndGlobalSection
EndGlobal
